hash: 09d07ff9033bed9267aedd4eb0156275d969b72d5e1b965074823235e54e9da5
updated: 2015-12-23T22:22:07.7825537+09:00
imports:
- name: github.com/mitchellh/cli
  version: 8102d0ed5ea2709ade1243798785888175f6e415
- name: golang.org/x/crypto
  version: f18420efc3b4f8e9f3d51f6bd2476e92c46260e9
  subpackages:
  - ssh/terminal
devImports: []
